<?xml version="1.0" encoding="utf-8"?>
<Project ToolsVersion="4.0" xmlns="http://schemas.microsoft.com/developer/msbuild/2003">
  <ItemGroup>
    <ClCompile Include="Engine\Engine.cpp">
      <Filter>Engine</Filter>
    </ClCompile>
    <ClCompile Include="AudioManager\AudioManager.cpp">
      <Filter>AudioManager</Filter>
    </ClCompile>
    <ClCompile Include="AudioManager\Audio\Audio.cpp">
      <Filter>AudioManager\Audio</Filter>
    </ClCompile>
    <ClCompile Include="Input\Gamepad\Gamepad.cpp">
      <Filter>Input\Gamepad</Filter>
    </ClCompile>
    <ClCompile Include="Input\KeyInput\KeyInput.cpp">
      <Filter>Input\KeyInput</Filter>
    </ClCompile>
    <ClCompile Include="Input\Mouse\Mouse.cpp">
      <Filter>Input\Mouse</Filter>
    </ClCompile>
    <ClCompile Include="Input\Input.cpp">
      <Filter>Input</Filter>
    </ClCompile>
    <ClCompile Include="Engine\Core\DescriptorHeap\CbvSrvUavHeap.cpp">
      <Filter>Engine\Core\DescriptorHeap</Filter>
    </ClCompile>
    <ClCompile Include="Engine\Core\DescriptorHeap\DescriptorHeap.cpp">
      <Filter>Engine\Core\DescriptorHeap</Filter>
    </ClCompile>
    <ClCompile Include="Engine\Core\DescriptorHeap\RtvHeap.cpp">
      <Filter>Engine\Core\DescriptorHeap</Filter>
    </ClCompile>
    <ClCompile Include="Engine\Core\DirectXDevice\DirectXDevice.cpp">
      <Filter>Engine\Core\DirectXDevice</Filter>
    </ClCompile>
    <ClCompile Include="Engine\Core\StringOutPutManager\StringOutPutManager.cpp">
      <Filter>Engine\Core\StringOutPutManager</Filter>
    </ClCompile>
    <ClCompile Include="Engine\Graphics\PipelineManager\Pipeline\Pipeline.cpp">
      <Filter>Engine\Graphics\PipelineManager\Pipeline</Filter>
    </ClCompile>
    <ClCompile Include="Engine\Graphics\PipelineManager\PipelineManager.cpp">
      <Filter>Engine\Graphics\PipelineManager</Filter>
    </ClCompile>
    <ClCompile Include="Engine\Graphics\RenderTarget\RenderTarget.cpp">
      <Filter>Engine\Graphics\RenderTarget</Filter>
    </ClCompile>
    <ClCompile Include="Engine\Graphics\RootSignature\RootSignature.cpp">
      <Filter>Engine\Graphics\RootSignature</Filter>
    </ClCompile>
    <ClCompile Include="Engine\EngineUtils\ErrorCheck\ErrorCheck.cpp">
      <Filter>Engine\EngineUtils\ErrorCheck</Filter>
    </ClCompile>
    <ClCompile Include="Engine\EngineUtils\FrameInfo\FrameInfo.cpp">
      <Filter>Engine\EngineUtils\FrameInfo</Filter>
    </ClCompile>
    <ClCompile Include="Engine\Core\WindowFactory\WindowFactory.cpp">
      <Filter>Engine\Core\WindowFactory</Filter>
    </ClCompile>
    <ClCompile Include="Engine\Core\DirectXCommand\DirectXCommand.cpp">
      <Filter>Engine\Core\DirectXCommand</Filter>
    </ClCompile>
    <ClCompile Include="Engine\Core\DirectXSwapChain\DirectXSwapChain.cpp">
      <Filter>Engine\Core\DirectXSwapChain</Filter>
    </ClCompile>
    <ClCompile Include="Engine\Graphics\DepthBuffer\DepthBuffer.cpp">
      <Filter>Engine\Graphics\DepthBuffer</Filter>
    </ClCompile>
    <ClCompile Include="Engine\Core\DescriptorHeap\DsvHeap.cpp">
      <Filter>Engine\Core\DescriptorHeap</Filter>
    </ClCompile>
    <ClCompile Include="Engine\Core\ImGuiManager\ImGuiManager.cpp">
      <Filter>Engine\Core\ImGuiManager</Filter>
    </ClCompile>
    <ClCompile Include="Engine\EngineUtils\FlgManager\FlgManager.cpp">
      <Filter>Engine\EngineUtils\FlgManager</Filter>
    </ClCompile>
    <ClCompile Include="Engine\Graphics\Shader\ShaderManager\ShaderManager.cpp">
      <Filter>Engine\Graphics\Shader\ShaderManager</Filter>
    </ClCompile>
    <ClCompile Include="Engine\Graphics\Shader\ShaderFactory\ShaderFactory.cpp">
      <Filter>Engine\Graphics\Shader\ShaderFactory</Filter>
    </ClCompile>
    <ClCompile Include="Engine\Graphics\TextureManager\TextureManager.cpp">
      <Filter>Engine\Graphics\TextureManager</Filter>
    </ClCompile>
    <ClCompile Include="Engine\Graphics\TextureManager\Texture\Texture.cpp">
      <Filter>Engine\Graphics\TextureManager\Texture</Filter>
    </ClCompile>
    <ClCompile Include="Math\Mat4x4.cpp">
      <Filter>Math</Filter>
    </ClCompile>
    <ClCompile Include="Math\Quaternion.cpp">
      <Filter>Math</Filter>
    </ClCompile>
    <ClCompile Include="Math\Vector2.cpp">
      <Filter>Math</Filter>
    </ClCompile>
    <ClCompile Include="Math\Vector3.cpp">
      <Filter>Math</Filter>
    </ClCompile>
    <ClCompile Include="Math\Vector4.cpp">
      <Filter>Math</Filter>
    </ClCompile>
    <ClCompile Include="Framework\Framework.cpp">
      <Filter>Framework</Filter>
    </ClCompile>
    <ClCompile Include="Engine\Graphics\PipelineObject\PipelineObject.cpp">
      <Filter>Engine\Graphics\PipelineObject</Filter>
    </ClCompile>
    <ClCompile Include="Engine\Graphics\PipelineObject\PeraPipeline\PeraPipeline.cpp">
      <Filter>Engine\Graphics\PipelineObject\PeraPipeline</Filter>
    </ClCompile>
    <ClCompile Include="Engine\Graphics\RenderContextManager\RenderContextManager.cpp">
      <Filter>Engine\Graphics\RenderContextManager</Filter>
    </ClCompile>
    <ClCompile Include="Engine\Graphics\AnimationManager\AnimationManager.cpp">
      <Filter>Engine\Graphics\AnimationManager</Filter>
    </ClCompile>
    <ClCompile Include="Engine\Graphics\Animator\Animator.cpp">
      <Filter>Engine\Graphics\Animator</Filter>
    </ClCompile>
    <ClCompile Include="Transform\Transform.cpp">
      <Filter>Transform</Filter>
    </ClCompile>
    <ClCompile Include="Engine\Graphics\Skeleton.cpp">
      <Filter>Engine\Graphics</Filter>
    </ClCompile>
    <ClCompile Include="Engine\Graphics\Tex2DAniamtor\Tex2DAniamtor.cpp">
      <Filter>Engine\Graphics\Tex2DAniamtor</Filter>
    </ClCompile>
    <ClCompile Include="Math\MathCommon.cpp">
      <Filter>Math</Filter>
    </ClCompile>
    <ClCompile Include="Utils\ExecutionLog.cpp">
      <Filter>Utils</Filter>
    </ClCompile>
    <ClCompile Include="Utils\Flg.cpp">
      <Filter>Utils</Filter>
    </ClCompile>
    <ClCompile Include="Utils\Random.cpp">
      <Filter>Utils</Filter>
    </ClCompile>
    <ClCompile Include="Utils\ScreenOut.cpp">
      <Filter>Utils</Filter>
    </ClCompile>
    <ClCompile Include="Utils\Thread.cpp">
      <Filter>Utils</Filter>
    </ClCompile>
    <ClCompile Include="Utils\ConvertString.cpp">
      <Filter>Utils</Filter>
    </ClCompile>
    <ClCompile Include="Utils\Easing.cpp">
      <Filter>Utils</Filter>
    </ClCompile>
    <ClCompile Include="Utils\EngineInfo.cpp">
      <Filter>Utils</Filter>
    </ClCompile>
    <ClCompile Include="Utils\FileUtils.cpp">
      <Filter>Utils</Filter>
    </ClCompile>
    <ClCompile Include="Engine\Graphics\PipelineObject\GaussianBlur\GaussianBlur.cpp">
      <Filter>Engine\Graphics\PipelineObject\GaussianBlur</Filter>
    </ClCompile>
    <ClCompile Include="Engine\Graphics\PipelineObject\Outline\Outline.cpp">
      <Filter>Engine\Graphics\PipelineObject\Outline</Filter>
    </ClCompile>
    <ClCompile Include="Engine\Graphics\RenderingManager\RenderingManager.cpp">
      <Filter>Engine\Graphics\RenderingManager</Filter>
    </ClCompile>
    <ClCompile Include="Engine\Graphics\PipelineObject\DeferredRendering\DeferredRendering.cpp">
      <Filter>Engine\Graphics\PipelineObject\DeferredRendering</Filter>
    </ClCompile>
    <ClCompile Include="Engine\Graphics\PipelineObject\Luminate\Luminate.cpp">
      <Filter>Engine\Graphics\PipelineObject\Luminate</Filter>
    </ClCompile>
    <ClCompile Include="Engine\Graphics\Meshlet\Meshlet.cpp">
      <Filter>Engine\Graphics\Meshlet</Filter>
    </ClCompile>
    <ClCompile Include="Engine\Graphics\VertexIndexDataLoader\VertexIndexDataLoader.cpp">
      <Filter>Engine\Graphics\VertexIndexDataLoader</Filter>
    </ClCompile>
    <ClCompile Include="Engine\Graphics\VertexIndexDataManager\VertexIndexDataManager.cpp">
      <Filter>Engine\Graphics\VertexIndexDataManager</Filter>
    </ClCompile>
    <ClCompile Include="Drawer\DrawerManager.cpp">
      <Filter>Drawer</Filter>
    </ClCompile>
    <ClCompile Include="Drawer\BaseDrawer.cpp">
      <Filter>Drawer</Filter>
    </ClCompile>
    <ClCompile Include="Drawer\Texture2D\Texture2D.cpp">
      <Filter>Drawer\Texture2D</Filter>
    </ClCompile>
    <ClCompile Include="Drawer\StringOut\StringOut.cpp">
      <Filter>Drawer\StringOut</Filter>
    </ClCompile>
    <ClCompile Include="Drawer\SkyBox\SkyBox.cpp">
      <Filter>Drawer\SkyBox</Filter>
    </ClCompile>
    <ClCompile Include="Drawer\PeraRender\PeraRender.cpp">
      <Filter>Drawer\PeraRender</Filter>
    </ClCompile>
    <ClCompile Include="Drawer\Other\WaterTex2D\WaterTex2D.cpp">
      <Filter>Drawer\Other</Filter>
    </ClCompile>
    <ClCompile Include="Drawer\Model\Model.cpp">
      <Filter>Drawer\Model</Filter>
    </ClCompile>
    <ClCompile Include="Drawer\Line\Line.cpp">
      <Filter>Drawer\Line</Filter>
    </ClCompile>
    <ClCompile Include="Drawer\AnimationModel\AnimationModel.cpp">
      <Filter>Drawer\AnimationModel</Filter>
    </ClCompile>
    <ClCompile Include="Drawer\AirSkyBox\AirSkyBox.cpp">
      <Filter>Drawer\AirSkyBox</Filter>
    </ClCompile>
    <ClCompile Include="Engine\Graphics\PipelineObject\ShadowRendering\ShadowRendering.cpp">
      <Filter>Engine\Graphics\PipelineObject\ShadowRendering</Filter>
    </ClCompile>
    <ClCompile Include="Drawer\Other\CloudTex2D\CloudTex2D.cpp">
      <Filter>Drawer\Other</Filter>
    </ClCompile>
    <ClCompile Include="Engine\Graphics\Tonemap\Tonemap.cpp">
      <Filter>Engine\Graphics\Tonemap</Filter>
    </ClCompile>
    <ClCompile Include="Engine\Graphics\PipelineObject\PostWater\PostWater.cpp">
      <Filter>Engine\Graphics\PipelineObject\PostWater</Filter>
    </ClCompile>
    <ClCompile Include="Utils\PerlinNoise.cpp">
      <Filter>Utils</Filter>
    </ClCompile>
    <ClCompile Include="GraphicsUtils.cpp" />
    <ClCompile Include="Drawer\Other\PlayerMiddleModel.cpp">
      <Filter>Drawer\Other</Filter>
    </ClCompile>
    <ClCompile Include="Engine\Core\EffekseerControler\EffekseerControler.cpp">
      <Filter>Engine\Core\EffekseerControler</Filter>
    </ClCompile>
    <ClCompile Include="Engine\Graphics\EffectDataManager\EffectDataManager.cpp">
      <Filter>Engine\Graphics\EffectDataManager</Filter>
    </ClCompile>
    <ClCompile Include="Drawer\Effect\Effect.cpp">
      <Filter>Drawer\Effect</Filter>
    </ClCompile>
    <ClCompile Include="Drawer\Other\Texture3D.cpp">
      <Filter>Drawer\Other</Filter>
    </ClCompile>
  </ItemGroup>
  <ItemGroup>
    <Filter Include="Engine">
      <UniqueIdentifier>{d3b2314c-5abb-4996-9d77-ddedf3938121}</UniqueIdentifier>
    </Filter>
    <Filter Include="AudioManager">
      <UniqueIdentifier>{2487b7fc-0f80-433c-af4a-03b5842ec259}</UniqueIdentifier>
    </Filter>
    <Filter Include="AudioManager\Audio">
      <UniqueIdentifier>{7d34ec95-2a47-42f6-93fb-23ebe8cc0e42}</UniqueIdentifier>
    </Filter>
    <Filter Include="Input">
      <UniqueIdentifier>{2c0b204b-f97b-4c0f-998a-577cdd645955}</UniqueIdentifier>
    </Filter>
    <Filter Include="Input\Gamepad">
      <UniqueIdentifier>{5ba5205c-920a-4591-82c3-2c13db824148}</UniqueIdentifier>
    </Filter>
    <Filter Include="Input\KeyInput">
      <UniqueIdentifier>{54cbf6cd-6d5d-4737-917a-4febfd4a8d56}</UniqueIdentifier>
    </Filter>
    <Filter Include="Input\Mouse">
      <UniqueIdentifier>{840634f8-e2bb-40d7-a128-78abed2ce12a}</UniqueIdentifier>
    </Filter>
    <Filter Include="Utils">
      <UniqueIdentifier>{42aaa316-1089-4ab2-ba8d-4be0f3334763}</UniqueIdentifier>
    </Filter>
    <Filter Include="Engine\Core">
      <UniqueIdentifier>{078e13f7-3a71-446c-96c7-2c855798a9b8}</UniqueIdentifier>
    </Filter>
    <Filter Include="Engine\Core\DirectXDevice">
      <UniqueIdentifier>{fc72a1ac-b158-4732-9c50-43f6c06d90e9}</UniqueIdentifier>
    </Filter>
    <Filter Include="Engine\Core\StringOutPutManager">
      <UniqueIdentifier>{c49edcd7-143e-4434-89cf-60c735de3979}</UniqueIdentifier>
    </Filter>
    <Filter Include="Engine\Core\DescriptorHeap">
      <UniqueIdentifier>{5325ce8c-6115-444a-84db-472a18839f17}</UniqueIdentifier>
    </Filter>
    <Filter Include="Engine\Graphics">
      <UniqueIdentifier>{75876d02-38c8-4935-bc29-34082def36ca}</UniqueIdentifier>
    </Filter>
    <Filter Include="Engine\Graphics\PipelineManager">
      <UniqueIdentifier>{aef4978c-e692-4066-935c-3e9860805d1d}</UniqueIdentifier>
    </Filter>
    <Filter Include="Engine\Graphics\PipelineManager\Pipeline">
      <UniqueIdentifier>{5aa3bff6-a3f3-4517-bc62-2b54b5734cbd}</UniqueIdentifier>
    </Filter>
    <Filter Include="Engine\Graphics\RenderTarget">
      <UniqueIdentifier>{ece16fea-31ac-410e-9402-f17c929ef028}</UniqueIdentifier>
    </Filter>
    <Filter Include="Engine\Graphics\RootSignature">
      <UniqueIdentifier>{e940fd55-6a3e-4764-ba45-668507747c4f}</UniqueIdentifier>
    </Filter>
    <Filter Include="Engine\Buffer">
      <UniqueIdentifier>{5d636698-24e8-45ca-88be-eda0819a5048}</UniqueIdentifier>
    </Filter>
    <Filter Include="Engine\EngineUtils">
      <UniqueIdentifier>{997bda52-41c6-4af8-b118-8f4683630383}</UniqueIdentifier>
    </Filter>
    <Filter Include="Engine\EngineUtils\ErrorCheck">
      <UniqueIdentifier>{a8ce4ac6-d6d6-46ea-aa47-a5463509a0f9}</UniqueIdentifier>
    </Filter>
    <Filter Include="Engine\EngineUtils\FrameInfo">
      <UniqueIdentifier>{0b450b74-986a-4b3d-9a34-b57d457b62d0}</UniqueIdentifier>
    </Filter>
    <Filter Include="Engine\Core\WindowFactory">
      <UniqueIdentifier>{b53c25de-314b-4648-8852-e97c158f0275}</UniqueIdentifier>
    </Filter>
    <Filter Include="Engine\Core\DirectXCommand">
      <UniqueIdentifier>{be0077c5-c2fa-4ca9-b94d-3d2fbf6f218e}</UniqueIdentifier>
    </Filter>
    <Filter Include="Engine\Core\DirectXSwapChain">
      <UniqueIdentifier>{eb906240-8377-437b-adf2-c82c6e30d4d8}</UniqueIdentifier>
    </Filter>
    <Filter Include="Engine\Graphics\DepthBuffer">
      <UniqueIdentifier>{acd3416a-219a-4a0f-b725-6643048c704d}</UniqueIdentifier>
    </Filter>
    <Filter Include="Engine\Core\ImGuiManager">
      <UniqueIdentifier>{d6d93ca6-1ebb-4ead-ad68-07b252c618a4}</UniqueIdentifier>
    </Filter>
    <Filter Include="Engine\EngineUtils\FlgManager">
      <UniqueIdentifier>{a2e5192d-ba59-4283-8ae9-56cbc98d6efc}</UniqueIdentifier>
    </Filter>
    <Filter Include="Engine\Graphics\Shader">
      <UniqueIdentifier>{20199357-248d-4de0-8174-650a6997b5ea}</UniqueIdentifier>
    </Filter>
    <Filter Include="Engine\Graphics\Shader\ShaderManager">
      <UniqueIdentifier>{e9f17783-c021-4323-ae3b-d9f04d63298d}</UniqueIdentifier>
    </Filter>
    <Filter Include="Engine\Graphics\Shader\ShaderFactory">
      <UniqueIdentifier>{5f7e1038-27c5-404e-8914-287c680dd589}</UniqueIdentifier>
    </Filter>
    <Filter Include="Engine\Graphics\TextureManager">
      <UniqueIdentifier>{1336c590-e855-4d4f-92b9-fa2698582835}</UniqueIdentifier>
    </Filter>
    <Filter Include="Engine\Graphics\TextureManager\Texture">
      <UniqueIdentifier>{5c638997-6f2b-4dd7-9e5b-0d6092ae02f0}</UniqueIdentifier>
    </Filter>
    <Filter Include="Math">
      <UniqueIdentifier>{f4d2bb2b-5300-4906-bcac-3c4a0124dcf7}</UniqueIdentifier>
    </Filter>
    <Filter Include="Error">
      <UniqueIdentifier>{89dc16ed-3ed4-40e0-b34e-752af2811991}</UniqueIdentifier>
    </Filter>
    <Filter Include="Framework">
      <UniqueIdentifier>{78585073-0027-4de9-838a-35e5a2880153}</UniqueIdentifier>
    </Filter>
    <Filter Include="Engine\EngineUtils\LambPtr">
      <UniqueIdentifier>{685001fb-5c52-43ec-bceb-9e1ae9b279df}</UniqueIdentifier>
    </Filter>
    <Filter Include="Engine\Graphics\PipelineObject">
      <UniqueIdentifier>{66d80ced-8ef5-46f0-ba3a-0d1f3f777498}</UniqueIdentifier>
    </Filter>
    <Filter Include="Engine\Graphics\PipelineObject\PeraPipeline">
      <UniqueIdentifier>{4fd0d217-6bd2-4ca7-8592-5b493248756a}</UniqueIdentifier>
    </Filter>
    <Filter Include="Engine\Graphics\RenderContextManager">
      <UniqueIdentifier>{8a28b82c-21de-47c0-ba38-a5b7a2c11e0b}</UniqueIdentifier>
    </Filter>
    <Filter Include="Engine\Graphics\RenderContextManager\RenderContext">
      <UniqueIdentifier>{ed16a241-2fda-436b-96b6-6136375891f8}</UniqueIdentifier>
    </Filter>
    <Filter Include="Engine\Graphics\AnimationManager">
      <UniqueIdentifier>{add96670-dfee-46cd-bd03-5f72b25dbe9d}</UniqueIdentifier>
    </Filter>
    <Filter Include="Transform">
      <UniqueIdentifier>{aa982000-c4e2-4c12-a54a-f75fa2d1c84d}</UniqueIdentifier>
    </Filter>
    <Filter Include="Engine\Graphics\Tex2DAniamtor">
      <UniqueIdentifier>{d2bdf60c-0eca-4b04-af8b-a90657a2185f}</UniqueIdentifier>
    </Filter>
    <Filter Include="Engine\Graphics\Animator">
      <UniqueIdentifier>{0359fcab-3674-4f23-a03c-3ef946b211c0}</UniqueIdentifier>
    </Filter>
    <Filter Include="Engine\Graphics\PipelineObject\GaussianBlur">
      <UniqueIdentifier>{bcc30c3c-78cb-4f5e-8b79-0fff4d880363}</UniqueIdentifier>
    </Filter>
    <Filter Include="Engine\Graphics\PipelineObject\Outline">
      <UniqueIdentifier>{bc006d18-e8e3-4d8c-9f50-62169e38f926}</UniqueIdentifier>
    </Filter>
    <Filter Include="Engine\Graphics\RenderingManager">
      <UniqueIdentifier>{5b88fac6-240c-46a7-a2e0-5c9364f4add1}</UniqueIdentifier>
    </Filter>
    <Filter Include="Engine\Graphics\PipelineObject\DeferredRendering">
      <UniqueIdentifier>{77a8e15c-2b5e-4bb5-b958-63aecea1dc16}</UniqueIdentifier>
    </Filter>
    <Filter Include="Engine\Graphics\PipelineObject\Luminate">
      <UniqueIdentifier>{c2218a0e-ba38-4d0a-beb0-7e7194492ba5}</UniqueIdentifier>
    </Filter>
    <Filter Include="Engine\Graphics\Shader\MeshShader">
      <UniqueIdentifier>{56824c3d-fcf4-40f3-af61-c665721bac0d}</UniqueIdentifier>
    </Filter>
    <Filter Include="Engine\Graphics\Meshlet">
      <UniqueIdentifier>{7778107f-7d41-4603-9bc8-e388f33bc259}</UniqueIdentifier>
    </Filter>
    <Filter Include="Engine\Graphics\VertexIndexDataLoader">
      <UniqueIdentifier>{0d42c357-723e-45f3-afb6-3ea5d38c6a2c}</UniqueIdentifier>
    </Filter>
    <Filter Include="Engine\Graphics\VertexIndexDataManager">
      <UniqueIdentifier>{527d72cc-4ef5-411b-b4d5-7174fb3ab935}</UniqueIdentifier>
    </Filter>
    <Filter Include="Drawer">
      <UniqueIdentifier>{13568cd3-f8d9-4f82-a4be-021ef5239ea6}</UniqueIdentifier>
    </Filter>
    <Filter Include="Drawer\Texture2D">
      <UniqueIdentifier>{192c5cda-f43f-40d2-9f13-b9f849327730}</UniqueIdentifier>
    </Filter>
    <Filter Include="Drawer\Model">
      <UniqueIdentifier>{75878dc3-228d-4f78-a159-c89a43ffafe2}</UniqueIdentifier>
    </Filter>
    <Filter Include="Drawer\Line">
      <UniqueIdentifier>{17a37595-e9f9-42e9-9496-d637dc153066}</UniqueIdentifier>
    </Filter>
    <Filter Include="Drawer\PeraRender">
      <UniqueIdentifier>{9f8d179a-c3cd-4256-8e00-4a3389c927d7}</UniqueIdentifier>
    </Filter>
    <Filter Include="Drawer\StringOut">
      <UniqueIdentifier>{8f6f9f0d-e177-4c18-b9a0-cab1926af85b}</UniqueIdentifier>
    </Filter>
    <Filter Include="Drawer\AnimationModel">
      <UniqueIdentifier>{ce9b2a74-162e-42e2-9e98-2f278ed2aa76}</UniqueIdentifier>
    </Filter>
    <Filter Include="Drawer\Other">
      <UniqueIdentifier>{5c308a47-9839-49cb-b2bf-2944c9b53af8}</UniqueIdentifier>
    </Filter>
    <Filter Include="Drawer\SkyBox">
      <UniqueIdentifier>{035a3a54-6a51-4f0b-bfcd-a00c979ca55f}</UniqueIdentifier>
    </Filter>
    <Filter Include="Drawer\AirSkyBox">
      <UniqueIdentifier>{ca4daa01-23b2-4a95-840d-4ee7e9337717}</UniqueIdentifier>
    </Filter>
    <Filter Include="Engine\Graphics\PipelineObject\ShadowRendering">
      <UniqueIdentifier>{a90aa1dd-aafa-43b6-bc7a-f761153e7ff3}</UniqueIdentifier>
    </Filter>
    <Filter Include="Engine\Graphics\Tonemap">
      <UniqueIdentifier>{e08aa258-8db6-48ff-8631-d93ca0d0c488}</UniqueIdentifier>
    </Filter>
    <Filter Include="Engine\Graphics\PipelineObject\PostWater">
      <UniqueIdentifier>{ecfce8a0-b714-48c7-9970-25b8dd5ed69d}</UniqueIdentifier>
    </Filter>
    <Filter Include="Engine\Core\EffekseerControler">
      <UniqueIdentifier>{da73ff5d-b555-4f65-8290-4c8fca7e9fb4}</UniqueIdentifier>
    </Filter>
    <Filter Include="Engine\Graphics\EffectDataManager">
      <UniqueIdentifier>{d80d49b9-ffbf-4a19-9fb6-756e5b637dbe}</UniqueIdentifier>
    </Filter>
    <Filter Include="Drawer\Effect">
      <UniqueIdentifier>{116e1c25-89df-48ee-b0ef-8c028693b2a2}</UniqueIdentifier>
    </Filter>
  </ItemGroup>
  <ItemGroup>
    <ClInclude Include="Engine\Engine.h">
      <Filter>Engine</Filter>
    </ClInclude>
    <ClInclude Include="AudioManager\AudioManager.h">
      <Filter>AudioManager</Filter>
    </ClInclude>
    <ClInclude Include="AudioManager\Audio\Audio.h">
      <Filter>AudioManager\Audio</Filter>
    </ClInclude>
    <ClInclude Include="Input\Gamepad\Gamepad.h">
      <Filter>Input\Gamepad</Filter>
    </ClInclude>
    <ClInclude Include="Input\KeyInput\KeyInput.h">
      <Filter>Input\KeyInput</Filter>
    </ClInclude>
    <ClInclude Include="Input\Mouse\Mouse.h">
      <Filter>Input\Mouse</Filter>
    </ClInclude>
    <ClInclude Include="Input\Input.h">
      <Filter>Input</Filter>
    </ClInclude>
    <ClInclude Include="Engine\Core\DescriptorHeap\CbvSrvUavHeap.h">
      <Filter>Engine\Core\DescriptorHeap</Filter>
    </ClInclude>
    <ClInclude Include="Engine\Core\DescriptorHeap\DescriptorHeap.h">
      <Filter>Engine\Core\DescriptorHeap</Filter>
    </ClInclude>
    <ClInclude Include="Engine\Core\DescriptorHeap\RtvHeap.h">
      <Filter>Engine\Core\DescriptorHeap</Filter>
    </ClInclude>
    <ClInclude Include="Engine\Core\DirectXDevice\DirectXDevice.h">
      <Filter>Engine\Core\DirectXDevice</Filter>
    </ClInclude>
    <ClInclude Include="Engine\Core\StringOutPutManager\StringOutPutManager.h">
      <Filter>Engine\Core\StringOutPutManager</Filter>
    </ClInclude>
    <ClInclude Include="Engine\Graphics\PipelineManager\Pipeline\Pipeline.h">
      <Filter>Engine\Graphics\PipelineManager\Pipeline</Filter>
    </ClInclude>
    <ClInclude Include="Engine\Graphics\PipelineManager\PipelineManager.h">
      <Filter>Engine\Graphics\PipelineManager</Filter>
    </ClInclude>
    <ClInclude Include="Engine\Graphics\RenderTarget\RenderTarget.h">
      <Filter>Engine\Graphics\RenderTarget</Filter>
    </ClInclude>
    <ClInclude Include="Engine\Graphics\RootSignature\RootSignature.h">
      <Filter>Engine\Graphics\RootSignature</Filter>
    </ClInclude>
    <ClInclude Include="Engine\EngineUtils\ErrorCheck\ErrorCheck.h">
      <Filter>Engine\EngineUtils\ErrorCheck</Filter>
    </ClInclude>
    <ClInclude Include="Engine\EngineUtils\FrameInfo\FrameInfo.h">
      <Filter>Engine\EngineUtils\FrameInfo</Filter>
    </ClInclude>
    <ClInclude Include="Engine\Core\WindowFactory\WindowFactory.h">
      <Filter>Engine\Core\WindowFactory</Filter>
    </ClInclude>
    <ClInclude Include="Engine\Core\DirectXCommand\DirectXCommand.h">
      <Filter>Engine\Core\DirectXCommand</Filter>
    </ClInclude>
    <ClInclude Include="Engine\Core\DirectXSwapChain\DirectXSwapChain.h">
      <Filter>Engine\Core\DirectXSwapChain</Filter>
    </ClInclude>
    <ClInclude Include="Engine\Graphics\DepthBuffer\DepthBuffer.h">
      <Filter>Engine\Graphics\DepthBuffer</Filter>
    </ClInclude>
    <ClInclude Include="Engine\Core\DescriptorHeap\DsvHeap.h">
      <Filter>Engine\Core\DescriptorHeap</Filter>
    </ClInclude>
    <ClInclude Include="Engine\Core\ImGuiManager\ImGuiManager.h">
      <Filter>Engine\Core\ImGuiManager</Filter>
    </ClInclude>
    <ClInclude Include="Engine\EngineUtils\FlgManager\FlgManager.h">
      <Filter>Engine\EngineUtils\FlgManager</Filter>
    </ClInclude>
    <ClInclude Include="Engine\Graphics\Shader\ShaderManager\ShaderManager.h">
      <Filter>Engine\Graphics\Shader\ShaderManager</Filter>
    </ClInclude>
    <ClInclude Include="Engine\Graphics\Shader\ShaderFactory\ShaderFactory.h">
      <Filter>Engine\Graphics\Shader\ShaderFactory</Filter>
    </ClInclude>
    <ClInclude Include="Engine\Graphics\TextureManager\TextureManager.h">
      <Filter>Engine\Graphics\TextureManager</Filter>
    </ClInclude>
    <ClInclude Include="Engine\Graphics\TextureManager\Texture\Texture.h">
      <Filter>Engine\Graphics\TextureManager\Texture</Filter>
    </ClInclude>
    <ClInclude Include="Math\Quaternion.h">
      <Filter>Math</Filter>
    </ClInclude>
    <ClInclude Include="Math\Vector2.h">
      <Filter>Math</Filter>
    </ClInclude>
    <ClInclude Include="Math\Vector3.h">
      <Filter>Math</Filter>
    </ClInclude>
    <ClInclude Include="Math\Vector4.h">
      <Filter>Math</Filter>
    </ClInclude>
    <ClInclude Include="Engine\Graphics\Shader\Shader.h">
      <Filter>Engine\Graphics\Shader</Filter>
    </ClInclude>
    <ClInclude Include="Error\Error.h">
      <Filter>Error</Filter>
    </ClInclude>
    <ClInclude Include="Framework\Framework.h">
      <Filter>Framework</Filter>
    </ClInclude>
    <ClInclude Include="Engine\EngineUtils\LambPtr\LambPtr.h">
      <Filter>Engine\EngineUtils\LambPtr</Filter>
    </ClInclude>
    <ClInclude Include="Engine\Graphics\PipelineObject\PipelineObject.h">
      <Filter>Engine\Graphics\PipelineObject</Filter>
    </ClInclude>
    <ClInclude Include="Engine\Graphics\PipelineObject\PeraPipeline\PeraPipeline.h">
      <Filter>Engine\Graphics\PipelineObject\PeraPipeline</Filter>
    </ClInclude>
    <ClInclude Include="Math\MathCommon.h">
      <Filter>Math</Filter>
    </ClInclude>
    <ClInclude Include="Engine\Core\DescriptorHeap\Descriptor.h">
      <Filter>Engine\Core\DescriptorHeap</Filter>
    </ClInclude>
    <ClInclude Include="Engine\Graphics\GraphicsStructs.h">
      <Filter>Engine\Graphics</Filter>
    </ClInclude>
    <ClInclude Include="Engine\Graphics\RenderContextManager\RenderContextManager.h">
      <Filter>Engine\Graphics\RenderContextManager</Filter>
    </ClInclude>
    <ClInclude Include="Engine\Graphics\RenderContextManager\RenderContext\RenderContext.h">
      <Filter>Engine\Graphics\RenderContextManager\RenderContext</Filter>
    </ClInclude>
    <ClInclude Include="Engine\Graphics\AnimationManager\AnimationManager.h">
      <Filter>Engine\Graphics\AnimationManager</Filter>
    </ClInclude>
    <ClInclude Include="Engine\Graphics\Animator\Animator.h">
      <Filter>Engine\Graphics\Animator</Filter>
    </ClInclude>
    <ClInclude Include="Math\Matrix.h">
      <Filter>Math</Filter>
    </ClInclude>
    <ClInclude Include="Transform\Transform.h">
      <Filter>Transform</Filter>
    </ClInclude>
    <ClInclude Include="Engine\Graphics\Skeleton.h">
      <Filter>Engine\Graphics</Filter>
    </ClInclude>
    <ClInclude Include="Engine\Graphics\Tex2DAniamtor\Tex2DAniamtor.h">
      <Filter>Engine\Graphics\Tex2DAniamtor</Filter>
    </ClInclude>
    <ClInclude Include="Utils\EngineInfo.h">
      <Filter>Utils</Filter>
    </ClInclude>
    <ClInclude Include="Utils\ExecutionLog.h">
      <Filter>Utils</Filter>
    </ClInclude>
    <ClInclude Include="Utils\Flg.h">
      <Filter>Utils</Filter>
    </ClInclude>
    <ClInclude Include="Utils\Random.h">
      <Filter>Utils</Filter>
    </ClInclude>
    <ClInclude Include="Utils\SafeDelete.h">
      <Filter>Utils</Filter>
    </ClInclude>
    <ClInclude Include="Utils\SafePtr.h">
      <Filter>Utils</Filter>
    </ClInclude>
    <ClInclude Include="Utils\ScreenOut.h">
      <Filter>Utils</Filter>
    </ClInclude>
    <ClInclude Include="Utils\Thread.h">
      <Filter>Utils</Filter>
    </ClInclude>
    <ClInclude Include="Utils\Concepts.h">
      <Filter>Utils</Filter>
    </ClInclude>
    <ClInclude Include="Utils\ConvertString.h">
      <Filter>Utils</Filter>
    </ClInclude>
    <ClInclude Include="Utils\Easing">
      <Filter>Utils</Filter>
    </ClInclude>
    <ClInclude Include="Utils\FileUtils.h">
      <Filter>Utils</Filter>
    </ClInclude>
    <ClInclude Include="Engine\Graphics\PipelineObject\GaussianBlur\GaussianBlur.h">
      <Filter>Engine\Graphics\PipelineObject\GaussianBlur</Filter>
    </ClInclude>
    <ClInclude Include="Engine\Buffer\RWStructuredBuffer.h">
      <Filter>Engine\Buffer</Filter>
    </ClInclude>
    <ClInclude Include="Engine\Buffer\StructuredBuffer.h">
      <Filter>Engine\Buffer</Filter>
    </ClInclude>
    <ClInclude Include="Engine\Buffer\ConstantBuffer.h">
      <Filter>Engine\Buffer</Filter>
    </ClInclude>
    <ClInclude Include="Engine\Graphics\PipelineObject\Outline\Outline.h">
      <Filter>Engine\Graphics\PipelineObject\Outline</Filter>
    </ClInclude>
    <ClInclude Include="Engine\Graphics\RenderingManager\RenderingManager.h">
      <Filter>Engine\Graphics\RenderingManager</Filter>
    </ClInclude>
    <ClInclude Include="Engine\Graphics\PipelineObject\DeferredRendering\DeferredRendering.h">
      <Filter>Engine\Graphics\PipelineObject\DeferredRendering</Filter>
    </ClInclude>
    <ClInclude Include="Engine\Graphics\PipelineObject\Luminate\Luminate.h">
      <Filter>Engine\Graphics\PipelineObject\Luminate</Filter>
    </ClInclude>
    <ClInclude Include="Utils\HSV.h">
      <Filter>Utils</Filter>
    </ClInclude>
    <ClInclude Include="Engine\Graphics\Shader\MeshShader\MeshShader.h">
      <Filter>Engine\Graphics\Shader\MeshShader</Filter>
    </ClInclude>
    <ClInclude Include="Engine\Graphics\CreateBlendDesc.h">
      <Filter>Engine\Graphics</Filter>
    </ClInclude>
    <ClInclude Include="Engine\Graphics\Meshlet\Meshlet.h">
      <Filter>Engine\Graphics\Meshlet</Filter>
    </ClInclude>
    <ClInclude Include="Engine\Graphics\VertexIndexDataLoader\VertexIndexDataLoader.h">
      <Filter>Engine\Graphics\VertexIndexDataLoader</Filter>
    </ClInclude>
    <ClInclude Include="Engine\Graphics\VertexIndexDataManager\VertexIndexDataManager.h">
      <Filter>Engine\Graphics\VertexIndexDataManager</Filter>
    </ClInclude>
    <ClInclude Include="Engine\Buffer\ShaderBuffer.h">
      <Filter>Engine\Buffer</Filter>
    </ClInclude>
    <ClInclude Include="Drawer\DrawerManager.h">
      <Filter>Drawer</Filter>
    </ClInclude>
    <ClInclude Include="Drawer\BaseDrawer.h">
      <Filter>Drawer</Filter>
    </ClInclude>
    <ClInclude Include="Drawer\Texture2D\Texture2D.h">
      <Filter>Drawer\Texture2D</Filter>
    </ClInclude>
    <ClInclude Include="Drawer\StringOut\StringOut.h">
      <Filter>Drawer\StringOut</Filter>
    </ClInclude>
    <ClInclude Include="Drawer\SkyBox\SkyBox.h">
      <Filter>Drawer\SkyBox</Filter>
    </ClInclude>
    <ClInclude Include="Drawer\PeraRender\PeraRender.h">
      <Filter>Drawer\PeraRender</Filter>
    </ClInclude>
    <ClInclude Include="Drawer\Other\WaterTex2D\WaterTex2D.h">
      <Filter>Drawer\Other</Filter>
    </ClInclude>
    <ClInclude Include="Drawer\Model\Model.h">
      <Filter>Drawer\Model</Filter>
    </ClInclude>
    <ClInclude Include="Drawer\Line\Line.h">
      <Filter>Drawer\Line</Filter>
    </ClInclude>
    <ClInclude Include="Drawer\AnimationModel\AnimationModel.h">
      <Filter>Drawer\AnimationModel</Filter>
    </ClInclude>
    <ClInclude Include="Drawer\AirSkyBox\AirSkyBox.h">
      <Filter>Drawer\AirSkyBox</Filter>
    </ClInclude>
    <ClInclude Include="Engine\Graphics\PipelineObject\ShadowRendering\ShadowRendering.h">
      <Filter>Engine\Graphics\PipelineObject\ShadowRendering</Filter>
    </ClInclude>
    <ClInclude Include="Drawer\Other\CloudTex2D\CloudTex2D.h">
      <Filter>Drawer\Other</Filter>
    </ClInclude>
    <ClInclude Include="Engine\Graphics\Tonemap\Tonemap.h">
      <Filter>Engine\Graphics\Tonemap</Filter>
    </ClInclude>
    <ClInclude Include="Engine\Graphics\PipelineObject\PostWater\PostWater.h">
      <Filter>Engine\Graphics\PipelineObject\PostWater</Filter>
    </ClInclude>
    <ClInclude Include="Utils\PerlinNoise.h">
      <Filter>Utils</Filter>
    </ClInclude>
    <ClInclude Include="GraphicsUtils.h" />
    <ClInclude Include="Utils\CreateHash.h">
      <Filter>Utils</Filter>
    </ClInclude>
    <ClInclude Include="Drawer\Other\PlayerMiddleModel.h">
      <Filter>Drawer\Other</Filter>
    </ClInclude>
    <ClInclude Include="Engine\Core\EffekseerControler\EffekseerControler.h">
      <Filter>Engine\Core\EffekseerControler</Filter>
    </ClInclude>
    <ClInclude Include="Engine\Graphics\EffectDataManager\EffectDataManager.h">
      <Filter>Engine\Graphics\EffectDataManager</Filter>
    </ClInclude>
    <ClInclude Include="Drawer\Effect\Effect.h">
      <Filter>Drawer\Effect</Filter>
    </ClInclude>
    <ClInclude Include="Drawer\Other\Texture3D.h">
      <Filter>Drawer\Other</Filter>
    </ClInclude>
  </ItemGroup>
</Project>