<?xml version="1.0" encoding="utf-8"?>
<Project ToolsVersion="4.0" xmlns="http://schemas.microsoft.com/developer/msbuild/2003">
  <ItemGroup>
    <ClCompile Include="Math\Mat4x4.cpp">
      <Filter>Math</Filter>
    </ClCompile>
    <ClCompile Include="Math\MathCommon.cpp">
      <Filter>Math</Filter>
    </ClCompile>
    <ClCompile Include="Math\Quaternion.cpp">
      <Filter>Math</Filter>
    </ClCompile>
    <ClCompile Include="Math\Vector2.cpp">
      <Filter>Math</Filter>
    </ClCompile>
    <ClCompile Include="Math\Vector3.cpp">
      <Filter>Math</Filter>
    </ClCompile>
    <ClCompile Include="Math\Vector4.cpp">
      <Filter>Math</Filter>
    </ClCompile>
    <ClCompile Include="Utils\ConvertString.cpp">
      <Filter>Utils</Filter>
    </ClCompile>
    <ClCompile Include="Utils\Easing.cpp">
      <Filter>Utils</Filter>
    </ClCompile>
    <ClCompile Include="Utils\Log.cpp">
      <Filter>Utils</Filter>
    </ClCompile>
    <ClCompile Include="Utils\FileUtils.cpp">
      <Filter>Utils</Filter>
    </ClCompile>
    <ClCompile Include="Utils\Flg.cpp">
      <Filter>Utils</Filter>
    </ClCompile>
    <ClCompile Include="Utils\PerlinNoise.cpp">
      <Filter>Utils</Filter>
    </ClCompile>
    <ClCompile Include="Utils\Random.cpp">
      <Filter>Utils</Filter>
    </ClCompile>
    <ClCompile Include="Framework\Framework.cpp">
      <Filter>Framework</Filter>
    </ClCompile>
    <ClCompile Include="Core\Window\WindowFactory.cpp">
      <Filter>Core\Window</Filter>
    </ClCompile>
    <ClCompile Include="Input\Gamepad\Gamepad.cpp">
      <Filter>Input\Gamepad</Filter>
    </ClCompile>
    <ClCompile Include="Input\KeyInput\KeyInput.cpp">
      <Filter>Input\KeyInput</Filter>
    </ClCompile>
    <ClCompile Include="Input\Mouse\Mouse.cpp">
      <Filter>Input\Mouse</Filter>
    </ClCompile>
    <ClCompile Include="Input\Input.cpp">
      <Filter>Input</Filter>
    </ClCompile>
  </ItemGroup>
  <ItemGroup>
    <Filter Include="Core">
      <UniqueIdentifier>{6e2451a4-560a-43cc-b167-bda8ede8b5b3}</UniqueIdentifier>
    </Filter>
    <Filter Include="Utils">
      <UniqueIdentifier>{730b5784-605c-49c7-b8e9-6b1dc35ee069}</UniqueIdentifier>
    </Filter>
    <Filter Include="Math">
      <UniqueIdentifier>{1fef23ac-1f9e-4f7a-b055-92968d962c64}</UniqueIdentifier>
    </Filter>
    <Filter Include="Core\DirectX">
      <UniqueIdentifier>{a38d5ab4-9094-43d9-8c56-b9a25cb36e21}</UniqueIdentifier>
    </Filter>
    <Filter Include="Core\Window">
      <UniqueIdentifier>{f3a45787-5fed-462a-be9f-4a8565e20679}</UniqueIdentifier>
    </Filter>
    <Filter Include="Framework">
      <UniqueIdentifier>{538ffb6c-1639-4dd8-8bc1-e9f4e76f3547}</UniqueIdentifier>
    </Filter>
    <Filter Include="Input">
      <UniqueIdentifier>{a7bc1e03-446e-4b97-9167-b52bc22953aa}</UniqueIdentifier>
    </Filter>
    <Filter Include="Input\Gamepad">
      <UniqueIdentifier>{d94aab88-f4dd-4d91-b419-8f8380e9709b}</UniqueIdentifier>
    </Filter>
    <Filter Include="Input\KeyInput">
      <UniqueIdentifier>{f06accfd-b854-4711-975c-08b8cdde694a}</UniqueIdentifier>
    </Filter>
    <Filter Include="Input\Mouse">
      <UniqueIdentifier>{2b3c81f9-aab6-4359-b665-6b2132309c83}</UniqueIdentifier>
    </Filter>
    <Filter Include="Graphics">
      <UniqueIdentifier>{d9c93eea-2d44-4361-b92b-d70e889fd83b}</UniqueIdentifier>
    </Filter>
    <Filter Include="Data">
      <UniqueIdentifier>{c7171a41-0377-4ac1-a2ac-03a52a4aa508}</UniqueIdentifier>
    </Filter>
  </ItemGroup>
  <ItemGroup>
    <ClInclude Include="Math\MathCommon.h">
      <Filter>Math</Filter>
    </ClInclude>
    <ClInclude Include="Math\Matrix.h">
      <Filter>Math</Filter>
    </ClInclude>
    <ClInclude Include="Math\Quaternion.h">
      <Filter>Math</Filter>
    </ClInclude>
    <ClInclude Include="Math\Vector2.h">
      <Filter>Math</Filter>
    </ClInclude>
    <ClInclude Include="Math\Vector3.h">
      <Filter>Math</Filter>
    </ClInclude>
    <ClInclude Include="Math\Vector4.h">
      <Filter>Math</Filter>
    </ClInclude>
    <ClInclude Include="Utils\Concepts.h">
      <Filter>Utils</Filter>
    </ClInclude>
    <ClInclude Include="Utils\ConvertString.h">
      <Filter>Utils</Filter>
    </ClInclude>
    <ClInclude Include="Utils\CreateHash.h">
      <Filter>Utils</Filter>
    </ClInclude>
    <ClInclude Include="Utils\Easing.h">
      <Filter>Utils</Filter>
    </ClInclude>
    <ClInclude Include="Utils\Log.h">
      <Filter>Utils</Filter>
    </ClInclude>
    <ClInclude Include="Utils\FileUtils.h">
      <Filter>Utils</Filter>
    </ClInclude>
    <ClInclude Include="Utils\Flg.h">
      <Filter>Utils</Filter>
    </ClInclude>
    <ClInclude Include="Utils\HSV.h">
      <Filter>Utils</Filter>
    </ClInclude>
    <ClInclude Include="Utils\PerlinNoise.h">
      <Filter>Utils</Filter>
    </ClInclude>
    <ClInclude Include="Utils\Random.h">
      <Filter>Utils</Filter>
    </ClInclude>
    <ClInclude Include="Utils\SafeDelete.h">
      <Filter>Utils</Filter>
    </ClInclude>
    <ClInclude Include="Utils\SafePtr.h">
      <Filter>Utils</Filter>
    </ClInclude>
    <ClInclude Include="Utils\Error.h">
      <Filter>Utils</Filter>
    </ClInclude>
    <ClInclude Include="Framework\Framework.h">
      <Filter>Framework</Filter>
    </ClInclude>
    <ClInclude Include="Core\Window\WindowFactory.h">
      <Filter>Core\Window</Filter>
    </ClInclude>
    <ClInclude Include="Input\Gamepad\Gamepad.h">
      <Filter>Input\Gamepad</Filter>
    </ClInclude>
    <ClInclude Include="Input\KeyInput\KeyInput.h">
      <Filter>Input\KeyInput</Filter>
    </ClInclude>
    <ClInclude Include="Input\Mouse\Mouse.h">
      <Filter>Input\Mouse</Filter>
    </ClInclude>
    <ClInclude Include="Input\Input.h">
      <Filter>Input</Filter>
    </ClInclude>
    <ClInclude Include="Utils\LambPtr.h">
      <Filter>Utils</Filter>
    </ClInclude>
    <ClInclude Include="Data\WindowStartUpData.h">
      <Filter>Data</Filter>
    </ClInclude>
    <ClInclude Include="Utils\ObjectNameToString.h">
      <Filter>Utils</Filter>
    </ClInclude>
    <ClInclude Include="Data\Data.h">
      <Filter>Data</Filter>
    </ClInclude>
  </ItemGroup>
</Project>